
Microsoft Visual Studio Solution File, Format Version 12.00
# Visual Studio Version 16
VisualStudioVersion = 16.0.30804.86
MinimumVisualStudioVersion = 10.0.40219.1
Project("{8BC9CEB8-8B4A-11D0-8D11-00A0C91BC942}") = "First", "First.vcxproj", "{1B67852F-0D88-475A-B998-BA5124DDD15F}"
EndProject
Global
	GlobalSection(SolutionConfigurationPlatforms) = preSolution
		Debug|x64 = Debug|x64
		Debug|x86 = Debug|x86
		Release|x64 = Release|x64
		Release|x86 = Release|x86
	EndGlobalSection
	GlobalSection(ProjectConfigurationPlatforms) = postSolution
		{1B67852F-0D88-475A-B998-BA5124DDD15F}.Debug|x64.ActiveCfg = Debug|x64
		{1B67852F-0D88-475A-B998-BA5124DDD15F}.Debug|x64.Build.0 = Debug|x64
		{1B67852F-0D88-475A-B998-BA5124DDD15F}.Debug|x86.ActiveCfg = Debug|Win32
		{1B67852F-0D88-475A-B998-BA5124DDD15F}.Debug|x86.Build.0 = Debug|Win32
		{1B67852F-0D88-475A-B998-BA5124DDD15F}.Release|x64.ActiveCfg = Release|x64
		{1B67852F-0D88-475A-B998-BA5124DDD15F}.Release|x64.Build.0 = Release|x64
		{1B67852F-0D88-475A-B998-BA5124DDD15F}.Release|x86.ActiveCfg = Release|Win32
		{1B67852F-0D88-475A-B998-BA5124DDD15F}.Release|x86.Build.0 = Release|Win32
	EndGlobalSection
	GlobalSection(SolutionProperties) = preSolution
		HideSolutionNode = FALSE
	EndGlobalSection
	GlobalSection(ExtensibilityGlobals) = postSolution
		SolutionGuid = {7D4F8975-BB8E-4A16-AF59-6AB6923DB158}
	EndGlobalSection
EndGlobal
